
Microsoft Visual Studio Solution File, Format Version 12.00
# Visual Studio Version 17
VisualStudioVersion = 17.2.32210.308
MinimumVisualStudioVersion = 10.0.40219.1
Project("{2150E333-8FDC-42A3-9474-1A3956D46DE8}") = "src", "src", "{8E7F3B16-8C19-4028-8D40-201A767EACF3}"
	ProjectSection(SolutionItems) = preProject
		src\Directory.Build.props = src\Directory.Build.props
	EndProjectSection
EndProject
Project("{2150E333-8FDC-42A3-9474-1A3956D46DE8}") = "test", "test", "{4548709D-6DFA-4CE9-A6EF-F20F2D210057}"
EndProject
Project("{9A19103F-16F7-4668-BE54-9A1E7A4F7556}") = "AzureFunctionsOpenApiFluentValidationExtensions.Tests", "test\AzureFunctionsOpenApiFluentValidationExtensions.Tests\AzureFunctionsOpenApiFluentValidationExtensions.Tests.csproj", "{4314B709-63A3-466F-B849-47141DADD1CC}"
EndProject
Project("{9A19103F-16F7-4668-BE54-9A1E7A4F7556}") = "AzureFunctionsOpenApiFluentValidationExtensions", "src\AzureFunctionsOpenApiFluentValidationExtensions\AzureFunctionsOpenApiFluentValidationExtensions.csproj", "{5AB4FFC0-D80D-41CC-A5A2-A1099B0285DB}"
EndProject
Project("{9A19103F-16F7-4668-BE54-9A1E7A4F7556}") = "AzureFunctionsOpenApiFluentValidationExtensions.DependencyInjection", "src\AzureFunctionsOpenApiFluentValidationExtensions.DependencyInjection\AzureFunctionsOpenApiFluentValidationExtensions.DependencyInjection.csproj", "{B1B902B8-EB41-413A-B96B-DAE971DAF11C}"
EndProject
Project("{2150E333-8FDC-42A3-9474-1A3956D46DE8}") = "Solution Items", "Solution Items", "{0AA753A4-10D9-4E0E-B224-172CF16E3685}"
	ProjectSection(SolutionItems) = preProject
		.editorconfig = .editorconfig
		.github\dependabot.yml = .github\dependabot.yml
		Directory.Build.props = Directory.Build.props
		README.md = README.md
	EndProjectSection
EndProject
Project("{2150E333-8FDC-42A3-9474-1A3956D46DE8}") = "sample", "sample", "{2E293A51-1C16-42DB-B82D-C51B1CCE6A93}"
EndProject
Project("{FAE04EC0-301F-11D3-BF4B-00C04F79EFBC}") = "SampleFunctionApp", "sample\SampleFunctionApp\SampleFunctionApp.csproj", "{0143B82E-2680-498B-ABC5-D4D7C0D628AF}"
EndProject
Global
	GlobalSection(SolutionConfigurationPlatforms) = preSolution
		Debug|Any CPU = Debug|Any CPU
		Release|Any CPU = Release|Any CPU
	EndGlobalSection
	GlobalSection(ProjectConfigurationPlatforms) = postSolution
		{4314B709-63A3-466F-B849-47141DADD1CC}.Debug|Any CPU.ActiveCfg = Debug|Any CPU
		{4314B709-63A3-466F-B849-47141DADD1CC}.Debug|Any CPU.Build.0 = Debug|Any CPU
		{4314B709-63A3-466F-B849-47141DADD1CC}.Release|Any CPU.ActiveCfg = Release|Any CPU
		{4314B709-63A3-466F-B849-47141DADD1CC}.Release|Any CPU.Build.0 = Release|Any CPU
		{5AB4FFC0-D80D-41CC-A5A2-A1099B0285DB}.Debug|Any CPU.ActiveCfg = Debug|Any CPU
		{5AB4FFC0-D80D-41CC-A5A2-A1099B0285DB}.Debug|Any CPU.Build.0 = Debug|Any CPU
		{5AB4FFC0-D80D-41CC-A5A2-A1099B0285DB}.Release|Any CPU.ActiveCfg = Release|Any CPU
		{5AB4FFC0-D80D-41CC-A5A2-A1099B0285DB}.Release|Any CPU.Build.0 = Release|Any CPU
		{B1B902B8-EB41-413A-B96B-DAE971DAF11C}.Debug|Any CPU.ActiveCfg = Debug|Any CPU
		{B1B902B8-EB41-413A-B96B-DAE971DAF11C}.Debug|Any CPU.Build.0 = Debug|Any CPU
		{B1B902B8-EB41-413A-B96B-DAE971DAF11C}.Release|Any CPU.ActiveCfg = Release|Any CPU
		{B1B902B8-EB41-413A-B96B-DAE971DAF11C}.Release|Any CPU.Build.0 = Release|Any CPU
		{0143B82E-2680-498B-ABC5-D4D7C0D628AF}.Debug|Any CPU.ActiveCfg = Debug|Any CPU
		{0143B82E-2680-498B-ABC5-D4D7C0D628AF}.Debug|Any CPU.Build.0 = Debug|Any CPU
		{0143B82E-2680-498B-ABC5-D4D7C0D628AF}.Release|Any CPU.ActiveCfg = Release|Any CPU
		{0143B82E-2680-498B-ABC5-D4D7C0D628AF}.Release|Any CPU.Build.0 = Release|Any CPU
	EndGlobalSection
	GlobalSection(SolutionProperties) = preSolution
		HideSolutionNode = FALSE
	EndGlobalSection
	GlobalSection(NestedProjects) = preSolution
		{4314B709-63A3-466F-B849-47141DADD1CC} = {4548709D-6DFA-4CE9-A6EF-F20F2D210057}
		{5AB4FFC0-D80D-41CC-A5A2-A1099B0285DB} = {8E7F3B16-8C19-4028-8D40-201A767EACF3}
		{B1B902B8-EB41-413A-B96B-DAE971DAF11C} = {8E7F3B16-8C19-4028-8D40-201A767EACF3}
		{0143B82E-2680-498B-ABC5-D4D7C0D628AF} = {2E293A51-1C16-42DB-B82D-C51B1CCE6A93}
	EndGlobalSection
	GlobalSection(ExtensibilityGlobals) = postSolution
		SolutionGuid = {CDCB1E10-4043-4808-A8D9-DFAF5833A118}
	EndGlobalSection
EndGlobal
